// !$*UTF8*$!
{
	archiveVersion = 1;
	classes = {
	};
	objectVersion = 50;
	objects = {

/* Begin PBXBuildFile section */
		64064DE620D08895003678DA /* Assets.xcassets in Resources */ = {isa = PBXBuildFile; fileRef = 64064DE520D08894003678DA /* Assets.xcassets */; };
		6463D13320D05E0D00432484 /* AppDelegate.swift in Sources */ = {isa = PBXBuildFile; fileRef = 6463D13220D05E0D00432484 /* AppDelegate.swift */; };
		6463D13520D05E0D00432484 /* ViewController.swift in Sources */ = {isa = PBXBuildFile; fileRef = 6463D13420D05E0D00432484 /* ViewController.swift */; };
		6463D13820D05E0D00432484 /* Main.storyboard in Resources */ = {isa = PBXBuildFile; fileRef = 6463D13620D05E0D00432484 /* Main.storyboard */; };
		6463D13D20D05E1300432484 /* LaunchScreen.storyboard in Resources */ = {isa = PBXBuildFile; fileRef = 6463D13B20D05E1300432484 /* LaunchScreen.storyboard */; };
		6463D15720D061A000432484 /* Lato-Semibold.ttf in Resources */ = {isa = PBXBuildFile; fileRef = 6463D15120D0619F00432484 /* Lato-Semibold.ttf */; };
		6463D15920D061A000432484 /* Lato-Bold.ttf in Resources */ = {isa = PBXBuildFile; fileRef = 6463D15320D061A000432484 /* Lato-Bold.ttf */; };
		6463D15A20D061A000432484 /* Lato-Heavy.ttf in Resources */ = {isa = PBXBuildFile; fileRef = 6463D15420D061A000432484 /* Lato-Heavy.ttf */; };
		6463D15B20D061A000432484 /* Lato-Medium.ttf in Resources */ = {isa = PBXBuildFile; fileRef = 6463D15520D061A000432484 /* Lato-Medium.ttf */; };
		6463D15C20D061A000432484 /* Lato-Regular.ttf in Resources */ = {isa = PBXBuildFile; fileRef = 6463D15620D061A000432484 /* Lato-Regular.ttf */; };
		64DD02F020D0C0E6000B1FC9 /* Lato-Black.ttf in Resources */ = {isa = PBXBuildFile; fileRef = 64DD02EF20D0C0C7000B1FC9 /* Lato-Black.ttf */; };
/* End PBXBuildFile section */

/* Begin PBXFileReference section */
		64064DE520D08894003678DA /* Assets.xcassets */ = {isa = PBXFileReference; lastKnownFileType = folder.assetcatalog; path = Assets.xcassets; sourceTree = "<group>"; };
		6463D12F20D05E0D00432484 /* Train Pass.app */ = {isa = PBXFileReference; explicitFileType = wrapper.application; includeInIndex = 0; path = "Train Pass.app"; sourceTree = BUILT_PRODUCTS_DIR; };
		6463D13220D05E0D00432484 /* AppDelegate.swift */ = {isa = PBXFileReference; lastKnownFileType = sourcecode.swift; path = AppDelegate.swift; sourceTree = "<group>"; };
		6463D13420D05E0D00432484 /* ViewController.swift */ = {isa = PBXFileReference; lastKnownFileType = sourcecode.swift; path = ViewController.swift; sourceTree = "<group>"; };
		6463D13720D05E0D00432484 /* Base */ = {isa = PBXFileReference; lastKnownFileType = file.storyboard; name = Base; path = Base.lproj/Main.storyboard; sourceTree = "<group>"; };
		6463D13C20D05E1300432484 /* Base */ = {isa = PBXFileReference; lastKnownFileType = file.storyboard; name = Base; path = Base.lproj/LaunchScreen.storyboard; sourceTree = "<group>"; };
		6463D13E20D05E1300432484 /* Info.plist */ = {isa = PBXFileReference; lastKnownFileType = text.plist.xml; path = Info.plist; sourceTree = "<group>"; };
		6463D15120D0619F00432484 /* Lato-Semibold.ttf */ = {isa = PBXFileReference; lastKnownFileType = file; name = "Lato-Semibold.ttf"; path = "Train Pass/Train Pass Fonts/Lato-Semibold.ttf"; sourceTree = SOURCE_ROOT; };
		6463D15320D061A000432484 /* Lato-Bold.ttf */ = {isa = PBXFileReference; lastKnownFileType = file; name = "Lato-Bold.ttf"; path = "Train Pass/Train Pass Fonts/Lato-Bold.ttf"; sourceTree = SOURCE_ROOT; };
		6463D15420D061A000432484 /* Lato-Heavy.ttf */ = {isa = PBXFileReference; lastKnownFileType = file; name = "Lato-Heavy.ttf"; path = "Train Pass/Train Pass Fonts/Lato-Heavy.ttf"; sourceTree = SOURCE_ROOT; };
		6463D15520D061A000432484 /* Lato-Medium.ttf */ = {isa = PBXFileReference; lastKnownFileType = file; name = "Lato-Medium.ttf"; path = "Train Pass/Train Pass Fonts/Lato-Medium.ttf"; sourceTree = SOURCE_ROOT; };
		6463D15620D061A000432484 /* Lato-Regular.ttf */ = {isa = PBXFileReference; lastKnownFileType = file; name = "Lato-Regular.ttf"; path = "Train Pass/Train Pass Fonts/Lato-Regular.ttf"; sourceTree = SOURCE_ROOT; };
		64DD02EF20D0C0C7000B1FC9 /* Lato-Black.ttf */ = {isa = PBXFileReference; lastKnownFileType = file; path = "Lato-Black.ttf"; sourceTree = "<group>"; };
/* End PBXFileReference section */

/* Begin PBXFrameworksBuildPhase section */
		6463D12C20D05E0D00432484 /* Frameworks */ = {
			isa = PBXFrameworksBuildPhase;
			buildActionMask = 2147483647;
			files = (
			);
			runOnlyForDeploymentPostprocessing = 0;
		};
/* End PBXFrameworksBuildPhase section */

/* Begin PBXGroup section */
		6463D12620D05E0D00432484 = {
			isa = PBXGroup;
			children = (
				6463D13120D05E0D00432484 /* Train Pass */,
				6463D13020D05E0D00432484 /* Products */,
			);
			sourceTree = "<group>";
		};
		6463D13020D05E0D00432484 /* Products */ = {
			isa = PBXGroup;
			children = (
				6463D12F20D05E0D00432484 /* Train Pass.app */,
			);
			name = Products;
			sourceTree = "<group>";
		};
		6463D13120D05E0D00432484 /* Train Pass */ = {
			isa = PBXGroup;
			children = (
				6463D15020D0617A00432484 /* Train Pass Fonts */,
				6463D13220D05E0D00432484 /* AppDelegate.swift */,
				6463D13420D05E0D00432484 /* ViewController.swift */,
				6463D13620D05E0D00432484 /* Main.storyboard */,
				6463D13B20D05E1300432484 /* LaunchScreen.storyboard */,
				64064DE520D08894003678DA /* Assets.xcassets */,
				6463D13E20D05E1300432484 /* Info.plist */,
			);
			path = "Train Pass";
			sourceTree = "<group>";
		};
		6463D15020D0617A00432484 /* Train Pass Fonts */ = {
			isa = PBXGroup;
			children = (
				64DD02EF20D0C0C7000B1FC9 /* Lato-Black.ttf */,
				6463D15320D061A000432484 /* Lato-Bold.ttf */,
				6463D15420D061A000432484 /* Lato-Heavy.ttf */,
				6463D15520D061A000432484 /* Lato-Medium.ttf */,
				6463D15620D061A000432484 /* Lato-Regular.ttf */,
				6463D15120D0619F00432484 /* Lato-Semibold.ttf */,
			);
			path = "Train Pass Fonts";
			sourceTree = "<group>";
		};
/* End PBXGroup section */

/* Begin PBXNativeTarget section */
		6463D12E20D05E0D00432484 /* Train Pass */ = {
			isa = PBXNativeTarget;
			buildConfigurationList = 6463D14120D05E1300432484 /* Build configuration list for PBXNativeTarget "Train Pass" */;
			buildPhases = (
				6463D12B20D05E0D00432484 /* Sources */,
				6463D12C20D05E0D00432484 /* Frameworks */,
				6463D12D20D05E0D00432484 /* Resources */,
			);
			buildRules = (
			);
			dependencies = (
			);
			name = "Train Pass";
			productName = "Train Pass";
			productReference = 6463D12F20D05E0D00432484 /* Train Pass.app */;
			productType = "com.apple.product-type.application";
		};
/* End PBXNativeTarget section */

/* Begin PBXProject section */
		6463D12720D05E0D00432484 /* Project object */ = {
			isa = PBXProject;
			attributes = {
				LastSwiftUpdateCheck = 0930;
				LastUpgradeCheck = 0930;
				ORGANIZATIONNAME = "Gaming Arts";
				TargetAttributes = {
					6463D12E20D05E0D00432484 = {
						CreatedOnToolsVersion = 9.3.1;
						SystemCapabilities = {
							com.apple.BackgroundModes = {
								enabled = 1;
							};
						};
					};
				};
			};
			buildConfigurationList = 6463D12A20D05E0D00432484 /* Build configuration list for PBXProject "Train Pass" */;
			compatibilityVersion = "Xcode 9.3";
			developmentRegion = en;
			hasScannedForEncodings = 0;
			knownRegions = (
				en,
				Base,
			);
			mainGroup = 6463D12620D05E0D00432484;
			productRefGroup = 6463D13020D05E0D00432484 /* Products */;
			projectDirPath = "";
			projectRoot = "";
			targets = (
				6463D12E20D05E0D00432484 /* Train Pass */,
			);
		};
/* End PBXProject section */

/* Begin PBXResourcesBuildPhase section */
		6463D12D20D05E0D00432484 /* Resources */ = {
			isa = PBXResourcesBuildPhase;
			buildActionMask = 2147483647;
			files = (
				64DD02F020D0C0E6000B1FC9 /* Lato-Black.ttf in Resources */,
				6463D15A20D061A000432484 /* Lato-Heavy.ttf in Resources */,
				6463D15720D061A000432484 /* Lato-Semibold.ttf in Resources */,
				6463D13D20D05E1300432484 /* LaunchScreen.storyboard in Resources */,
				6463D15B20D061A000432484 /* Lato-Medium.ttf in Resources */,
				6463D15C20D061A000432484 /* Lato-Regular.ttf in Resources */,
				6463D13820D05E0D00432484 /* Main.storyboard in Resources */,
				64064DE620D08895003678DA /* Assets.xcassets in Resources */,
				6463D15920D061A000432484 /* Lato-Bold.ttf in Resources */,
			);
			runOnlyForDeploymentPostprocessing = 0;
		};
/* End PBXResourcesBuildPhase section */

/* Begin PBXSourcesBuildPhase section */
		6463D12B20D05E0D00432484 /* Sources */ = {
			isa = PBXSourcesBuildPhase;
			buildActionMask = 2147483647;
			files = (
				6463D13520D05E0D00432484 /* ViewController.swift in Sources */,
				6463D13320D05E0D00432484 /* AppDelegate.swift in Sources */,
			);
			runOnlyForDeploymentPostprocessing = 0;
		};
/* End PBXSourcesBuildPhase section */

/* Begin PBXVariantGroup section */
		6463D13620D05E0D00432484 /* Main.storyboard */ = {
			isa = PBXVariantGroup;
			children = (
				6463D13720D05E0D00432484 /* Base */,
			);
			name = Main.storyboard;
			sourceTree = "<group>";
		};
		6463D13B20D05E1300432484 /* LaunchScreen.storyboard */ = {
			isa = PBXVariantGroup;
			children = (
				6463D13C20D05E1300432484 /* Base */,
			);
			name = LaunchScreen.storyboard;
			sourceTree = "<group>";
		};
/* End PBXVariantGroup section */

/* Begin XCBuildConfiguration section */
		6463D13F20D05E1300432484 /* Debug */ = {
			isa = XCBuildConfiguration;
			buildSettings = {
				ALWAYS_SEARCH_USER_PATHS = NO;
				CLANG_ANALYZER_NONNULL = YES;
				CLANG_ANALYZER_NUMBER_OBJECT_CONVERSION = YES_AGGRESSIVE;
				CLANG_CXX_LANGUAGE_STANDARD = "gnu++14";
				CLANG_CXX_LIBRARY = "libc++";
				CLANG_ENABLE_MODULES = YES;
				CLANG_ENABLE_OBJC_ARC = YES;
				CLANG_ENABLE_OBJC_WEAK = YES;
				CLANG_WARN_BLOCK_CAPTURE_AUTORELEASING = YES;
				CLANG_WARN_BOOL_CONVERSION = YES;
				CLANG_WARN_COMMA = YES;
				CLANG_WARN_CONSTANT_CONVERSION = YES;
				CLANG_WARN_DEPRECATED_OBJC_IMPLEMENTATIONS = YES;
				CLANG_WARN_DIRECT_OBJC_ISA_USAGE = YES_ERROR;
				CLANG_WARN_DOCUMENTATION_COMMENTS = YES;
				CLANG_WARN_EMPTY_BODY = YES;
				CLANG_WARN_ENUM_CONVERSION = YES;
				CLANG_WARN_INFINITE_RECURSION = YES;
				CLANG_WARN_INT_CONVERSION = YES;
				CLANG_WARN_NON_LITERAL_NULL_CONVERSION = YES;
				CLANG_WARN_OBJC_IMPLICIT_RETAIN_SELF = YES;
				CLANG_WARN_OBJC_LITERAL_CONVERSION = YES;
				CLANG_WARN_OBJC_ROOT_CLASS = YES_ERROR;
				CLANG_WARN_RANGE_LOOP_ANALYSIS = YES;
				CLANG_WARN_STRICT_PROTOTYPES = YES;
				CLANG_WARN_SUSPICIOUS_MOVE = YES;
				CLANG_WARN_UNGUARDED_AVAILABILITY = YES_AGGRESSIVE;
				CLANG_WARN_UNREACHABLE_CODE = YES;
				CLANG_WARN__DUPLICATE_METHOD_MATCH = YES;
				CODE_SIGN_IDENTITY = "iPhone Developer";
				COPY_PHASE_STRIP = NO;
				DEBUG_INFORMATION_FORMAT = dwarf;
				ENABLE_STRICT_OBJC_MSGSEND = YES;
				ENABLE_TESTABILITY = YES;
				GCC_C_LANGUAGE_STANDARD = gnu11;
				GCC_DYNAMIC_NO_PIC = NO;
				GCC_NO_COMMON_BLOCKS = YES;
				GCC_OPTIMIZATION_LEVEL = 0;
				GCC_PREPROCESSOR_DEFINITIONS = (
					"DEBUG=1",
					"$(inherited)",
				);
				GCC_WARN_64_TO_32_BIT_CONVERSION = YES;
				GCC_WARN_ABOUT_RETURN_TYPE = YES_ERROR;
				GCC_WARN_UNDECLARED_SELECTOR = YES;
				GCC_WARN_UNINITIALIZED_AUTOS = YES_AGGRESSIVE;
				GCC_WARN_UNUSED_FUNCTION = YES;
				GCC_WARN_UNUSED_VARIABLE = YES;
				IPHONEOS_DEPLOYMENT_TARGET = 11.3;
				MTL_ENABLE_DEBUG_INFO = YES;
				ONLY_ACTIVE_ARCH = YES;
				SDKROOT = iphoneos;
				SWIFT_ACTIVE_COMPILATION_CONDITIONS = DEBUG;
				SWIFT_OPTIMIZATION_LEVEL = "-Onone";
			};
			name = Debug;
		};
		6463D14020D05E1300432484 /* Release */ = {
			isa = XCBuildConfiguration;
			buildSettings = {
				ALWAYS_SEARCH_USER_PATHS = NO;
				CLANG_ANALYZER_NONNULL = YES;
				CLANG_ANALYZER_NUMBER_OBJECT_CONVERSION = YES_AGGRESSIVE;
				CLANG_CXX_LANGUAGE_STANDARD = "gnu++14";
				CLANG_CXX_LIBRARY = "libc++";
				CLANG_ENABLE_MODULES = YES;
				CLANG_ENABLE_OBJC_ARC = YES;
				CLANG_ENABLE_OBJC_WEAK = YES;
				CLANG_WARN_BLOCK_CAPTURE_AUTORELEASING = YES;
				CLANG_WARN_BOOL_CONVERSION = YES;
				CLANG_WARN_COMMA = YES;
				CLANG_WARN_CONSTANT_CONVERSION = YES;
				CLANG_WARN_DEPRECATED_OBJC_IMPLEMENTATIONS = YES;
				CLANG_WARN_DIRECT_OBJC_ISA_USAGE = YES_ERROR;
				CLANG_WARN_DOCUMENTATION_COMMENTS = YES;
				CLANG_WARN_EMPTY_BODY = YES;
				CLANG_WARN_ENUM_CONVERSION = YES;
				CLANG_WARN_INFINITE_RECURSION = YES;
				CLANG_WARN_INT_CONVERSION = YES;
				CLANG_WARN_NON_LITERAL_NULL_CONVERSION = YES;
				CLANG_WARN_OBJC_IMPLICIT_RETAIN_SELF = YES;
				CLANG_WARN_OBJC_LITERAL_CONVERSION = YES;
				CLANG_WARN_OBJC_ROOT_CLASS = YES_ERROR;
				CLANG_WARN_RANGE_LOOP_ANALYSIS = YES;
				CLANG_WARN_STRICT_PROTOTYPES = YES;
				CLANG_WARN_SUSPICIOUS_MOVE = YES;
				CLANG_WARN_UNGUARDED_AVAILABILITY = YES_AGGRESSIVE;
				CLANG_WARN_UNREACHABLE_CODE = YES;
				CLANG_WARN__DUPLICATE_METHOD_MATCH = YES;
				CODE_SIGN_IDENTITY = "iPhone Developer";
				COPY_PHASE_STRIP = NO;
				DEBUG_INFORMATION_FORMAT = "dwarf-with-dsym";
				ENABLE_NS_ASSERTIONS = NO;
				ENABLE_STRICT_OBJC_MSGSEND = YES;
				GCC_C_LANGUAGE_STANDARD = gnu11;
				GCC_NO_COMMON_BLOCKS = YES;
				GCC_WARN_64_TO_32_BIT_CONVERSION = YES;
				GCC_WARN_ABOUT_RETURN_TYPE = YES_ERROR;
				GCC_WARN_UNDECLARED_SELECTOR = YES;
				GCC_WARN_UNINITIALIZED_AUTOS = YES_AGGRESSIVE;
				GCC_WARN_UNUSED_FUNCTION = YES;
				GCC_WARN_UNUSED_VARIABLE = YES;
				IPHONEOS_DEPLOYMENT_TARGET = 11.3;
				MTL_ENABLE_DEBUG_INFO = NO;
				SDKROOT = iphoneos;
				SWIFT_COMPILATION_MODE = wholemodule;
				SWIFT_OPTIMIZATION_LEVEL = "-O";
				VALIDATE_PRODUCT = YES;
			};
			name = Release;
		};
		6463D14220D05E1300432484 /* Debug */ = {
			isa = XCBuildConfiguration;
			buildSettings = {
				ASSETCATALOG_COMPILER_APPICON_NAME = AppIcon;
				CODE_SIGN_STYLE = Automatic;
				DEVELOPMENT_TEAM = E2SPZ826EV;
				INFOPLIST_FILE = "Train Pass/Info.plist";
				IPHONEOS_DEPLOYMENT_TARGET = 10.0;
				LD_RUNPATH_SEARCH_PATHS = (
					"$(inherited)",
					"@executable_path/Frameworks",
				);
				PRODUCT_BUNDLE_IDENTIFIER = "GA.Train-Pass02";
				PRODUCT_NAME = "$(TARGET_NAME)";
				SWIFT_VERSION = 4.0;
				TARGETED_DEVICE_FAMILY = 1;
			};
			name = Debug;
		};
		6463D14320D05E1300432484 /* Release */ = {
			isa = XCBuildConfiguration;
			buildSettings = {
				ASSETCATALOG_COMPILER_APPICON_NAME = AppIcon;
				CODE_SIGN_STYLE = Automatic;
				DEVELOPMENT_TEAM = E2SPZ826EV;
				INFOPLIST_FILE = "Train Pass/Info.plist";
				IPHONEOS_DEPLOYMENT_TARGET = 10.0;
				LD_RUNPATH_SEARCH_PATHS = (
					"$(inherited)",
					"@executable_path/Frameworks",
				);
				PRODUCT_BUNDLE_IDENTIFIER = "GA.Train-Pass02";
				PRODUCT_NAME = "$(TARGET_NAME)";
				SWIFT_VERSION = 4.0;
				TARGETED_DEVICE_FAMILY = 1;
			};
			name = Release;
		};
/* End XCBuildConfiguration section */

/* Begin XCConfigurationList section */
		6463D12A20D05E0D00432484 /* Build configuration list for PBXProject "Train Pass" */ = {
			isa = XCConfigurationList;
			buildConfigurations = (
				6463D13F20D05E1300432484 /* Debug */,
				6463D14020D05E1300432484 /* Release */,
			);
			defaultConfigurationIsVisible = 0;
			defaultConfigurationName = Release;
		};
		6463D14120D05E1300432484 /* Build configuration list for PBXNativeTarget "Train Pass" */ = {
			isa = XCConfigurationList;
			buildConfigurations = (
				6463D14220D05E1300432484 /* Debug */,
				6463D14320D05E1300432484 /* Release */,
			);
			defaultConfigurationIsVisible = 0;
			defaultConfigurationName = Release;
		};
/* End XCConfigurationList section */
	};
	rootObject = 6463D12720D05E0D00432484 /* Project object */;
}
